
Microsoft Visual Studio Solution File, Format Version 12.00
# Visual Studio Version 17
VisualStudioVersion = 17.12.35707.178 d17.12
MinimumVisualStudioVersion = 10.0.40219.1
Project("{FAE04EC0-301F-11D3-BF4B-00C04F79EFBC}") = "SagaStateMachine.Sample", "SagaStateMachine.Sample\SagaStateMachine.Sample.csproj", "{A656D5B0-AFCB-4EC0-86E6-8B13D21BBC23}"
EndProject
Project("{E53339B2-1760-4266-BCC7-CA923CBCF16C}") = "docker-compose", "docker-compose.dcproj", "{FC6C3BC3-8735-4F29-AAB4-BEEF0718B5CE}"
EndProject
Global
	GlobalSection(SolutionConfigurationPlatforms) = preSolution
		Debug|Any CPU = Debug|Any CPU
		Release|Any CPU = Release|Any CPU
	EndGlobalSection
	GlobalSection(ProjectConfigurationPlatforms) = postSolution
		{A656D5B0-AFCB-4EC0-86E6-8B13D21BBC23}.Debug|Any CPU.ActiveCfg = Debug|Any CPU
		{A656D5B0-AFCB-4EC0-86E6-8B13D21BBC23}.Debug|Any CPU.Build.0 = Debug|Any CPU
		{A656D5B0-AFCB-4EC0-86E6-8B13D21BBC23}.Release|Any CPU.ActiveCfg = Release|Any CPU
		{A656D5B0-AFCB-4EC0-86E6-8B13D21BBC23}.Release|Any CPU.Build.0 = Release|Any CPU
		{FC6C3BC3-8735-4F29-AAB4-BEEF0718B5CE}.Debug|Any CPU.ActiveCfg = Debug|Any CPU
		{FC6C3BC3-8735-4F29-AAB4-BEEF0718B5CE}.Debug|Any CPU.Build.0 = Debug|Any CPU
		{FC6C3BC3-8735-4F29-AAB4-BEEF0718B5CE}.Release|Any CPU.ActiveCfg = Release|Any CPU
		{FC6C3BC3-8735-4F29-AAB4-BEEF0718B5CE}.Release|Any CPU.Build.0 = Release|Any CPU
	EndGlobalSection
	GlobalSection(SolutionProperties) = preSolution
		HideSolutionNode = FALSE
	EndGlobalSection
EndGlobal
